
Microsoft Visual Studio Solution File, Format Version 12.00
# Visual Studio Version 16
VisualStudioVersion = 16.0.29409.12
MinimumVisualStudioVersion = 10.0.40219.1
Project("{FAE04EC0-301F-11D3-BF4B-00C04F79EFBC}") = "Tevian", "Tevian\Tevian.csproj", "{A559FB4D-A5E3-4C6E-BBEE-90BB0D303A42}"
EndProject
Project("{FAE04EC0-301F-11D3-BF4B-00C04F79EFBC}") = "Test", "Test\Test.csproj", "{BE39D68A-050B-4BA7-BF2B-256043842E52}"
EndProject
Project("{FAE04EC0-301F-11D3-BF4B-00C04F79EFBC}") = "TestingSuite", "TestingSuite\TestingSuite.csproj", "{3D86597A-5194-40A9-8C95-4CD3BEEE6BC5}"
EndProject
Project("{FAE04EC0-301F-11D3-BF4B-00C04F79EFBC}") = "Tevian.NetStandard", "Tevian.NetStandard\Tevian.NetStandard.csproj", "{66809C5B-7FD3-42DD-8292-D2F90FE38E73}"
EndProject
Global
	GlobalSection(SolutionConfigurationPlatforms) = preSolution
		Debug|Any CPU = Debug|Any CPU
		Release|Any CPU = Release|Any CPU
	EndGlobalSection
	GlobalSection(ProjectConfigurationPlatforms) = postSolution
		{A559FB4D-A5E3-4C6E-BBEE-90BB0D303A42}.Debug|Any CPU.ActiveCfg = Debug|Any CPU
		{A559FB4D-A5E3-4C6E-BBEE-90BB0D303A42}.Debug|Any CPU.Build.0 = Debug|Any CPU
		{A559FB4D-A5E3-4C6E-BBEE-90BB0D303A42}.Release|Any CPU.ActiveCfg = Release|Any CPU
		{A559FB4D-A5E3-4C6E-BBEE-90BB0D303A42}.Release|Any CPU.Build.0 = Release|Any CPU
		{BE39D68A-050B-4BA7-BF2B-256043842E52}.Debug|Any CPU.ActiveCfg = Debug|Any CPU
		{BE39D68A-050B-4BA7-BF2B-256043842E52}.Debug|Any CPU.Build.0 = Debug|Any CPU
		{BE39D68A-050B-4BA7-BF2B-256043842E52}.Release|Any CPU.ActiveCfg = Release|Any CPU
		{BE39D68A-050B-4BA7-BF2B-256043842E52}.Release|Any CPU.Build.0 = Release|Any CPU
		{3D86597A-5194-40A9-8C95-4CD3BEEE6BC5}.Debug|Any CPU.ActiveCfg = Debug|Any CPU
		{3D86597A-5194-40A9-8C95-4CD3BEEE6BC5}.Debug|Any CPU.Build.0 = Debug|Any CPU
		{3D86597A-5194-40A9-8C95-4CD3BEEE6BC5}.Release|Any CPU.ActiveCfg = Release|Any CPU
		{3D86597A-5194-40A9-8C95-4CD3BEEE6BC5}.Release|Any CPU.Build.0 = Release|Any CPU
		{66809C5B-7FD3-42DD-8292-D2F90FE38E73}.Debug|Any CPU.ActiveCfg = Debug|Any CPU
		{66809C5B-7FD3-42DD-8292-D2F90FE38E73}.Debug|Any CPU.Build.0 = Debug|Any CPU
		{66809C5B-7FD3-42DD-8292-D2F90FE38E73}.Release|Any CPU.ActiveCfg = Release|Any CPU
		{66809C5B-7FD3-42DD-8292-D2F90FE38E73}.Release|Any CPU.Build.0 = Release|Any CPU
	EndGlobalSection
	GlobalSection(SolutionProperties) = preSolution
		HideSolutionNode = FALSE
	EndGlobalSection
	GlobalSection(ExtensibilityGlobals) = postSolution
		SolutionGuid = {D0C9C349-F823-4562-B974-BDEB427CE87E}
	EndGlobalSection
EndGlobal
